
Microsoft Visual Studio Solution File, Format Version 12.00
# Visual Studio Version 16
VisualStudioVersion = 16.0.31410.357
MinimumVisualStudioVersion = 10.0.40219.1
Project("{9A19103F-16F7-4668-BE54-9A1E7A4F7556}") = "CohesionTest", "Cohesion\CohesionTest.csproj", "{C9F70711-503C-4F4D-BB69-62A5271370E5}"
EndProject
Project("{FAE04EC0-301F-11D3-BF4B-00C04F79EFBC}") = "UnitTests", "Tests\UnitTests.csproj", "{8559E732-C72C-4DD4-8F7D-7D93EF07AD06}"
EndProject
Global
	GlobalSection(SolutionConfigurationPlatforms) = preSolution
		Debug|Any CPU = Debug|Any CPU
		Release|Any CPU = Release|Any CPU
	EndGlobalSection
	GlobalSection(ProjectConfigurationPlatforms) = postSolution
		{C9F70711-503C-4F4D-BB69-62A5271370E5}.Debug|Any CPU.ActiveCfg = Debug|Any CPU
		{C9F70711-503C-4F4D-BB69-62A5271370E5}.Debug|Any CPU.Build.0 = Debug|Any CPU
		{C9F70711-503C-4F4D-BB69-62A5271370E5}.Release|Any CPU.ActiveCfg = Release|Any CPU
		{C9F70711-503C-4F4D-BB69-62A5271370E5}.Release|Any CPU.Build.0 = Release|Any CPU
		{8559E732-C72C-4DD4-8F7D-7D93EF07AD06}.Debug|Any CPU.ActiveCfg = Debug|Any CPU
		{8559E732-C72C-4DD4-8F7D-7D93EF07AD06}.Debug|Any CPU.Build.0 = Debug|Any CPU
		{8559E732-C72C-4DD4-8F7D-7D93EF07AD06}.Release|Any CPU.ActiveCfg = Release|Any CPU
		{8559E732-C72C-4DD4-8F7D-7D93EF07AD06}.Release|Any CPU.Build.0 = Release|Any CPU
	EndGlobalSection
	GlobalSection(SolutionProperties) = preSolution
		HideSolutionNode = FALSE
	EndGlobalSection
	GlobalSection(ExtensibilityGlobals) = postSolution
		SolutionGuid = {5E55B642-246B-4B7B-8B6A-9175AC5DC9DB}
	EndGlobalSection
EndGlobal
